// !$*UTF8*$!
{
	archiveVersion = 1;
	classes = {
	};
	objectVersion = 55;
	objects = {

/* Begin PBXBuildFile section */
		5CE0D41E1E0013517C897B76 /* Pods_DogsApp_DogsAppUITests.framework in Frameworks */ = {isa = PBXBuildFile; fileRef = CB50913364347A8D8D241F4D /* Pods_DogsApp_DogsAppUITests.framework */; };
		84D4696829A38D9B00DF60DA /* AppDelegate.swift in Sources */ = {isa = PBXBuildFile; fileRef = 84D4696729A38D9B00DF60DA /* AppDelegate.swift */; };
		84D4696A29A38D9B00DF60DA /* SceneDelegate.swift in Sources */ = {isa = PBXBuildFile; fileRef = 84D4696929A38D9B00DF60DA /* SceneDelegate.swift */; };
		84D4696F29A38D9B00DF60DA /* Main.storyboard in Resources */ = {isa = PBXBuildFile; fileRef = 84D4696D29A38D9B00DF60DA /* Main.storyboard */; };
		84D4697129A38D9D00DF60DA /* Assets.xcassets in Resources */ = {isa = PBXBuildFile; fileRef = 84D4697029A38D9D00DF60DA /* Assets.xcassets */; };
		84D4697429A38D9D00DF60DA /* LaunchScreen.storyboard in Resources */ = {isa = PBXBuildFile; fileRef = 84D4697229A38D9D00DF60DA /* LaunchScreen.storyboard */; };
		84D4697F29A38D9D00DF60DA /* DogsAppTests.swift in Sources */ = {isa = PBXBuildFile; fileRef = 84D4697E29A38D9D00DF60DA /* DogsAppTests.swift */; };
		84D4698929A38D9D00DF60DA /* DogsAppUITests.swift in Sources */ = {isa = PBXBuildFile; fileRef = 84D4698829A38D9D00DF60DA /* DogsAppUITests.swift */; };
		84D4698B29A38D9D00DF60DA /* DogsAppUITestsLaunchTests.swift in Sources */ = {isa = PBXBuildFile; fileRef = 84D4698A29A38D9D00DF60DA /* DogsAppUITestsLaunchTests.swift */; };
		84D4699C29A3960300DF60DA /* ApiEndPoints.swift in Sources */ = {isa = PBXBuildFile; fileRef = 84D4699B29A3960300DF60DA /* ApiEndPoints.swift */; };
		84D4699F29A396D700DF60DA /* ViewControllerExtension.swift in Sources */ = {isa = PBXBuildFile; fileRef = 84D4699E29A396D700DF60DA /* ViewControllerExtension.swift */; };
		84D469A229A3971300DF60DA /* HttpUtility.swift in Sources */ = {isa = PBXBuildFile; fileRef = 84D469A129A3971300DF60DA /* HttpUtility.swift */; };
		84D469A529A3975D00DF60DA /* BreedsListResource.swift in Sources */ = {isa = PBXBuildFile; fileRef = 84D469A429A3975D00DF60DA /* BreedsListResource.swift */; };
		84D469A829A397AD00DF60DA /* BreedsListResponse.swift in Sources */ = {isa = PBXBuildFile; fileRef = 84D469A729A397AD00DF60DA /* BreedsListResponse.swift */; };
		84D469AC29A3997E00DF60DA /* BreedsViewModel.swift in Sources */ = {isa = PBXBuildFile; fileRef = 84D469AB29A3997E00DF60DA /* BreedsViewModel.swift */; };
		84D469AE29A39BD200DF60DA /* BreedsListVC.swift in Sources */ = {isa = PBXBuildFile; fileRef = 84D469AD29A39BD200DF60DA /* BreedsListVC.swift */; };
		84D469B129A39FA200DF60DA /* StringExtension.swift in Sources */ = {isa = PBXBuildFile; fileRef = 84D469B029A39FA200DF60DA /* StringExtension.swift */; };
		84D469B329A3A2F400DF60DA /* DogImagesResponse.swift in Sources */ = {isa = PBXBuildFile; fileRef = 84D469B229A3A2F400DF60DA /* DogImagesResponse.swift */; };
		84D469B529A3A43A00DF60DA /* DogImagesResource.swift in Sources */ = {isa = PBXBuildFile; fileRef = 84D469B429A3A43A00DF60DA /* DogImagesResource.swift */; };
		84D469B729A3A51500DF60DA /* DogImagesViewModel.swift in Sources */ = {isa = PBXBuildFile; fileRef = 84D469B629A3A51500DF60DA /* DogImagesViewModel.swift */; };
		84D469B929A3A64600DF60DA /* DogImagesVC.swift in Sources */ = {isa = PBXBuildFile; fileRef = 84D469B829A3A64600DF60DA /* DogImagesVC.swift */; };
		84D469BC29A3AA8D00DF60DA /* DogImageCollectionViewCell.swift in Sources */ = {isa = PBXBuildFile; fileRef = 84D469BA29A3AA8D00DF60DA /* DogImageCollectionViewCell.swift */; };
		84D469BD29A3AA8D00DF60DA /* DogImageCollectionViewCell.xib in Resources */ = {isa = PBXBuildFile; fileRef = 84D469BB29A3AA8D00DF60DA /* DogImageCollectionViewCell.xib */; };
		84D469BF29A3B04500DF60DA /* DogImageDetailVC.swift in Sources */ = {isa = PBXBuildFile; fileRef = 84D469BE29A3B04500DF60DA /* DogImageDetailVC.swift */; };
		A73EA854E8FD149E0060E186 /* Pods_DogsAppTests.framework in Frameworks */ = {isa = PBXBuildFile; fileRef = E4D9A67B5099B55ED54C9BB8 /* Pods_DogsAppTests.framework */; };
		D6B96717558793E76FCAC027 /* Pods_DogsApp.framework in Frameworks */ = {isa = PBXBuildFile; fileRef = D1A6F791CCE8176B8ECF70D0 /* Pods_DogsApp.framework */; };
/* End PBXBuildFile section */

/* Begin PBXContainerItemProxy section */
		84D4697B29A38D9D00DF60DA /* PBXContainerItemProxy */ = {
			isa = PBXContainerItemProxy;
			containerPortal = 84D4695C29A38D9B00DF60DA /* Project object */;
			proxyType = 1;
			remoteGlobalIDString = 84D4696329A38D9B00DF60DA;
			remoteInfo = DogsApp;
		};
		84D4698529A38D9D00DF60DA /* PBXContainerItemProxy */ = {
			isa = PBXContainerItemProxy;
			containerPortal = 84D4695C29A38D9B00DF60DA /* Project object */;
			proxyType = 1;
			remoteGlobalIDString = 84D4696329A38D9B00DF60DA;
			remoteInfo = DogsApp;
		};
/* End PBXContainerItemProxy section */

/* Begin PBXFileReference section */
		4DC2F274D638D46A36B13C95 /* Pods-DogsAppTests.release.xcconfig */ = {isa = PBXFileReference; includeInIndex = 1; lastKnownFileType = text.xcconfig; name = "Pods-DogsAppTests.release.xcconfig"; path = "Target Support Files/Pods-DogsAppTests/Pods-DogsAppTests.release.xcconfig"; sourceTree = "<group>"; };
		61FEF221C21F0E9C011D4CE0 /* Pods-DogsApp-DogsAppUITests.debug.xcconfig */ = {isa = PBXFileReference; includeInIndex = 1; lastKnownFileType = text.xcconfig; name = "Pods-DogsApp-DogsAppUITests.debug.xcconfig"; path = "Target Support Files/Pods-DogsApp-DogsAppUITests/Pods-DogsApp-DogsAppUITests.debug.xcconfig"; sourceTree = "<group>"; };
		84D4696429A38D9B00DF60DA /* DogsApp.app */ = {isa = PBXFileReference; explicitFileType = wrapper.application; includeInIndex = 0; path = DogsApp.app; sourceTree = BUILT_PRODUCTS_DIR; };
		84D4696729A38D9B00DF60DA /* AppDelegate.swift */ = {isa = PBXFileReference; lastKnownFileType = sourcecode.swift; path = AppDelegate.swift; sourceTree = "<group>"; };
		84D4696929A38D9B00DF60DA /* SceneDelegate.swift */ = {isa = PBXFileReference; lastKnownFileType = sourcecode.swift; path = SceneDelegate.swift; sourceTree = "<group>"; };
		84D4696E29A38D9B00DF60DA /* Base */ = {isa = PBXFileReference; lastKnownFileType = file.storyboard; name = Base; path = Base.lproj/Main.storyboard; sourceTree = "<group>"; };
		84D4697029A38D9D00DF60DA /* Assets.xcassets */ = {isa = PBXFileReference; lastKnownFileType = folder.assetcatalog; path = Assets.xcassets; sourceTree = "<group>"; };
		84D4697329A38D9D00DF60DA /* Base */ = {isa = PBXFileReference; lastKnownFileType = file.storyboard; name = Base; path = Base.lproj/LaunchScreen.storyboard; sourceTree = "<group>"; };
		84D4697529A38D9D00DF60DA /* Info.plist */ = {isa = PBXFileReference; lastKnownFileType = text.plist.xml; path = Info.plist; sourceTree = "<group>"; };
		84D4697A29A38D9D00DF60DA /* DogsAppTests.xctest */ = {isa = PBXFileReference; explicitFileType = wrapper.cfbundle; includeInIndex = 0; path = DogsAppTests.xctest; sourceTree = BUILT_PRODUCTS_DIR; };
		84D4697E29A38D9D00DF60DA /* DogsAppTests.swift */ = {isa = PBXFileReference; lastKnownFileType = sourcecode.swift; path = DogsAppTests.swift; sourceTree = "<group>"; };
		84D4698429A38D9D00DF60DA /* DogsAppUITests.xctest */ = {isa = PBXFileReference; explicitFileType = wrapper.cfbundle; includeInIndex = 0; path = DogsAppUITests.xctest; sourceTree = BUILT_PRODUCTS_DIR; };
		84D4698829A38D9D00DF60DA /* DogsAppUITests.swift */ = {isa = PBXFileReference; lastKnownFileType = sourcecode.swift; path = DogsAppUITests.swift; sourceTree = "<group>"; };
		84D4698A29A38D9D00DF60DA /* DogsAppUITestsLaunchTests.swift */ = {isa = PBXFileReference; lastKnownFileType = sourcecode.swift; path = DogsAppUITestsLaunchTests.swift; sourceTree = "<group>"; };
		84D4699B29A3960300DF60DA /* ApiEndPoints.swift */ = {isa = PBXFileReference; fileEncoding = 4; lastKnownFileType = sourcecode.swift; path = ApiEndPoints.swift; sourceTree = "<group>"; };
		84D4699E29A396D700DF60DA /* ViewControllerExtension.swift */ = {isa = PBXFileReference; fileEncoding = 4; lastKnownFileType = sourcecode.swift; path = ViewControllerExtension.swift; sourceTree = "<group>"; };
		84D469A129A3971300DF60DA /* HttpUtility.swift */ = {isa = PBXFileReference; fileEncoding = 4; lastKnownFileType = sourcecode.swift; path = HttpUtility.swift; sourceTree = "<group>"; };
		84D469A429A3975D00DF60DA /* BreedsListResource.swift */ = {isa = PBXFileReference; lastKnownFileType = sourcecode.swift; path = BreedsListResource.swift; sourceTree = "<group>"; };
		84D469A729A397AD00DF60DA /* BreedsListResponse.swift */ = {isa = PBXFileReference; lastKnownFileType = sourcecode.swift; path = BreedsListResponse.swift; sourceTree = "<group>"; };
		84D469AB29A3997E00DF60DA /* BreedsViewModel.swift */ = {isa = PBXFileReference; lastKnownFileType = sourcecode.swift; path = BreedsViewModel.swift; sourceTree = "<group>"; };
		84D469AD29A39BD200DF60DA /* BreedsListVC.swift */ = {isa = PBXFileReference; lastKnownFileType = sourcecode.swift; path = BreedsListVC.swift; sourceTree = "<group>"; };
		84D469B029A39FA200DF60DA /* StringExtension.swift */ = {isa = PBXFileReference; lastKnownFileType = sourcecode.swift; path = StringExtension.swift; sourceTree = "<group>"; };
		84D469B229A3A2F400DF60DA /* DogImagesResponse.swift */ = {isa = PBXFileReference; lastKnownFileType = sourcecode.swift; path = DogImagesResponse.swift; sourceTree = "<group>"; };
		84D469B429A3A43A00DF60DA /* DogImagesResource.swift */ = {isa = PBXFileReference; lastKnownFileType = sourcecode.swift; path = DogImagesResource.swift; sourceTree = "<group>"; };
		84D469B629A3A51500DF60DA /* DogImagesViewModel.swift */ = {isa = PBXFileReference; lastKnownFileType = sourcecode.swift; path = DogImagesViewModel.swift; sourceTree = "<group>"; };
		84D469B829A3A64600DF60DA /* DogImagesVC.swift */ = {isa = PBXFileReference; lastKnownFileType = sourcecode.swift; path = DogImagesVC.swift; sourceTree = "<group>"; };
		84D469BA29A3AA8D00DF60DA /* DogImageCollectionViewCell.swift */ = {isa = PBXFileReference; fileEncoding = 4; lastKnownFileType = sourcecode.swift; path = DogImageCollectionViewCell.swift; sourceTree = "<group>"; };
		84D469BB29A3AA8D00DF60DA /* DogImageCollectionViewCell.xib */ = {isa = PBXFileReference; fileEncoding = 4; lastKnownFileType = file.xib; path = DogImageCollectionViewCell.xib; sourceTree = "<group>"; };
		84D469BE29A3B04500DF60DA /* DogImageDetailVC.swift */ = {isa = PBXFileReference; lastKnownFileType = sourcecode.swift; path = DogImageDetailVC.swift; sourceTree = "<group>"; };
		9E396ECAE8505DDBE40C9F01 /* Pods-DogsApp-DogsAppUITests.release.xcconfig */ = {isa = PBXFileReference; includeInIndex = 1; lastKnownFileType = text.xcconfig; name = "Pods-DogsApp-DogsAppUITests.release.xcconfig"; path = "Target Support Files/Pods-DogsApp-DogsAppUITests/Pods-DogsApp-DogsAppUITests.release.xcconfig"; sourceTree = "<group>"; };
		CB50913364347A8D8D241F4D /* Pods_DogsApp_DogsAppUITests.framework */ = {isa = PBXFileReference; explicitFileType = wrapper.framework; includeInIndex = 0; path = Pods_DogsApp_DogsAppUITests.framework; sourceTree = BUILT_PRODUCTS_DIR; };
		CE4FBA369283F1A1837462B6 /* Pods-DogsApp.debug.xcconfig */ = {isa = PBXFileReference; includeInIndex = 1; lastKnownFileType = text.xcconfig; name = "Pods-DogsApp.debug.xcconfig"; path = "Target Support Files/Pods-DogsApp/Pods-DogsApp.debug.xcconfig"; sourceTree = "<group>"; };
		D1A6F791CCE8176B8ECF70D0 /* Pods_DogsApp.framework */ = {isa = PBXFileReference; explicitFileType = wrapper.framework; includeInIndex = 0; path = Pods_DogsApp.framework; sourceTree = BUILT_PRODUCTS_DIR; };
		DB001B8F4C539B2CA6D4BD0C /* Pods-DogsAppTests.debug.xcconfig */ = {isa = PBXFileReference; includeInIndex = 1; lastKnownFileType = text.xcconfig; name = "Pods-DogsAppTests.debug.xcconfig"; path = "Target Support Files/Pods-DogsAppTests/Pods-DogsAppTests.debug.xcconfig"; sourceTree = "<group>"; };
		DC7A3ECC7A461BF34B727630 /* Pods-DogsApp.release.xcconfig */ = {isa = PBXFileReference; includeInIndex = 1; lastKnownFileType = text.xcconfig; name = "Pods-DogsApp.release.xcconfig"; path = "Target Support Files/Pods-DogsApp/Pods-DogsApp.release.xcconfig"; sourceTree = "<group>"; };
		E4D9A67B5099B55ED54C9BB8 /* Pods_DogsAppTests.framework */ = {isa = PBXFileReference; explicitFileType = wrapper.framework; includeInIndex = 0; path = Pods_DogsAppTests.framework; sourceTree = BUILT_PRODUCTS_DIR; };
/* End PBXFileReference section */

/* Begin PBXFrameworksBuildPhase section */
		84D4696129A38D9B00DF60DA /* Frameworks */ = {
			isa = PBXFrameworksBuildPhase;
			buildActionMask = 2147483647;
			files = (
				D6B96717558793E76FCAC027 /* Pods_DogsApp.framework in Frameworks */,
			);
			runOnlyForDeploymentPostprocessing = 0;
		};
		84D4697729A38D9D00DF60DA /* Frameworks */ = {
			isa = PBXFrameworksBuildPhase;
			buildActionMask = 2147483647;
			files = (
				A73EA854E8FD149E0060E186 /* Pods_DogsAppTests.framework in Frameworks */,
			);
			runOnlyForDeploymentPostprocessing = 0;
		};
		84D4698129A38D9D00DF60DA /* Frameworks */ = {
			isa = PBXFrameworksBuildPhase;
			buildActionMask = 2147483647;
			files = (
				5CE0D41E1E0013517C897B76 /* Pods_DogsApp_DogsAppUITests.framework in Frameworks */,
			);
			runOnlyForDeploymentPostprocessing = 0;
		};
/* End PBXFrameworksBuildPhase section */

/* Begin PBXGroup section */
		84D4695B29A38D9B00DF60DA = {
			isa = PBXGroup;
			children = (
				84D4696629A38D9B00DF60DA /* DogsApp */,
				84D4697D29A38D9D00DF60DA /* DogsAppTests */,
				84D4698729A38D9D00DF60DA /* DogsAppUITests */,
				84D4696529A38D9B00DF60DA /* Products */,
				8B57B789D244BCA21DAD8315 /* Pods */,
				A1323B6E790A8805D5BC5FDC /* Frameworks */,
			);
			sourceTree = "<group>";
		};
		84D4696529A38D9B00DF60DA /* Products */ = {
			isa = PBXGroup;
			children = (
				84D4696429A38D9B00DF60DA /* DogsApp.app */,
				84D4697A29A38D9D00DF60DA /* DogsAppTests.xctest */,
				84D4698429A38D9D00DF60DA /* DogsAppUITests.xctest */,
			);
			name = Products;
			sourceTree = "<group>";
		};
		84D4696629A38D9B00DF60DA /* DogsApp */ = {
			isa = PBXGroup;
			children = (
				84D4696729A38D9B00DF60DA /* AppDelegate.swift */,
				84D4696929A38D9B00DF60DA /* SceneDelegate.swift */,
				84D4696D29A38D9B00DF60DA /* Main.storyboard */,
				84D469A929A397B800DF60DA /* Model */,
				84D469AA29A3995D00DF60DA /* View Model */,
				84D469AF29A39BE200DF60DA /* View */,
				84D469A629A3976100DF60DA /* DataResources */,
				84D469A329A3971A00DF60DA /* Services */,
				84D469A029A396FA00DF60DA /* Extensions */,
				84D4699D29A3960800DF60DA /* Utility */,
				84D4697029A38D9D00DF60DA /* Assets.xcassets */,
				84D4697229A38D9D00DF60DA /* LaunchScreen.storyboard */,
				84D4697529A38D9D00DF60DA /* Info.plist */,
			);
			path = DogsApp;
			sourceTree = "<group>";
		};
		84D4697D29A38D9D00DF60DA /* DogsAppTests */ = {
			isa = PBXGroup;
			children = (
				84D4697E29A38D9D00DF60DA /* DogsAppTests.swift */,
			);
			path = DogsAppTests;
			sourceTree = "<group>";
		};
		84D4698729A38D9D00DF60DA /* DogsAppUITests */ = {
			isa = PBXGroup;
			children = (
				84D4698829A38D9D00DF60DA /* DogsAppUITests.swift */,
				84D4698A29A38D9D00DF60DA /* DogsAppUITestsLaunchTests.swift */,
			);
			path = DogsAppUITests;
			sourceTree = "<group>";
		};
		84D4699D29A3960800DF60DA /* Utility */ = {
			isa = PBXGroup;
			children = (
				84D4699B29A3960300DF60DA /* ApiEndPoints.swift */,
			);
			path = Utility;
			sourceTree = "<group>";
		};
		84D469A029A396FA00DF60DA /* Extensions */ = {
			isa = PBXGroup;
			children = (
				84D4699E29A396D700DF60DA /* ViewControllerExtension.swift */,
				84D469B029A39FA200DF60DA /* StringExtension.swift */,
			);
			path = Extensions;
			sourceTree = "<group>";
		};
		84D469A329A3971A00DF60DA /* Services */ = {
			isa = PBXGroup;
			children = (
				84D469A129A3971300DF60DA /* HttpUtility.swift */,
			);
			path = Services;
			sourceTree = "<group>";
		};
		84D469A629A3976100DF60DA /* DataResources */ = {
			isa = PBXGroup;
			children = (
				84D469A429A3975D00DF60DA /* BreedsListResource.swift */,
				84D469B429A3A43A00DF60DA /* DogImagesResource.swift */,
			);
			path = DataResources;
			sourceTree = "<group>";
		};
		84D469A929A397B800DF60DA /* Model */ = {
			isa = PBXGroup;
			children = (
				84D469A729A397AD00DF60DA /* BreedsListResponse.swift */,
				84D469B229A3A2F400DF60DA /* DogImagesResponse.swift */,
			);
			path = Model;
			sourceTree = "<group>";
		};
		84D469AA29A3995D00DF60DA /* View Model */ = {
			isa = PBXGroup;
			children = (
				84D469AB29A3997E00DF60DA /* BreedsViewModel.swift */,
				84D469B629A3A51500DF60DA /* DogImagesViewModel.swift */,
			);
			path = "View Model";
			sourceTree = "<group>";
		};
		84D469AF29A39BE200DF60DA /* View */ = {
			isa = PBXGroup;
			children = (
				84D469AD29A39BD200DF60DA /* BreedsListVC.swift */,
				84D469B829A3A64600DF60DA /* DogImagesVC.swift */,
				84D469BA29A3AA8D00DF60DA /* DogImageCollectionViewCell.swift */,
				84D469BB29A3AA8D00DF60DA /* DogImageCollectionViewCell.xib */,
				84D469BE29A3B04500DF60DA /* DogImageDetailVC.swift */,
			);
			path = View;
			sourceTree = "<group>";
		};
		8B57B789D244BCA21DAD8315 /* Pods */ = {
			isa = PBXGroup;
			children = (
				CE4FBA369283F1A1837462B6 /* Pods-DogsApp.debug.xcconfig */,
				DC7A3ECC7A461BF34B727630 /* Pods-DogsApp.release.xcconfig */,
				61FEF221C21F0E9C011D4CE0 /* Pods-DogsApp-DogsAppUITests.debug.xcconfig */,
				9E396ECAE8505DDBE40C9F01 /* Pods-DogsApp-DogsAppUITests.release.xcconfig */,
				DB001B8F4C539B2CA6D4BD0C /* Pods-DogsAppTests.debug.xcconfig */,
				4DC2F274D638D46A36B13C95 /* Pods-DogsAppTests.release.xcconfig */,
			);
			path = Pods;
			sourceTree = "<group>";
		};
		A1323B6E790A8805D5BC5FDC /* Frameworks */ = {
			isa = PBXGroup;
			children = (
				D1A6F791CCE8176B8ECF70D0 /* Pods_DogsApp.framework */,
				CB50913364347A8D8D241F4D /* Pods_DogsApp_DogsAppUITests.framework */,
				E4D9A67B5099B55ED54C9BB8 /* Pods_DogsAppTests.framework */,
			);
			name = Frameworks;
			sourceTree = "<group>";
		};
/* End PBXGroup section */

/* Begin PBXNativeTarget section */
		84D4696329A38D9B00DF60DA /* DogsApp */ = {
			isa = PBXNativeTarget;
			buildConfigurationList = 84D4698E29A38D9D00DF60DA /* Build configuration list for PBXNativeTarget "DogsApp" */;
			buildPhases = (
				81A178B83BC5DAD72353DDC9 /* [CP] Check Pods Manifest.lock */,
				84D4696029A38D9B00DF60DA /* Sources */,
				84D4696129A38D9B00DF60DA /* Frameworks */,
				84D4696229A38D9B00DF60DA /* Resources */,
				973B5AE0F2CA0F916C5A6AA1 /* [CP] Embed Pods Frameworks */,
			);
			buildRules = (
			);
			dependencies = (
			);
			name = DogsApp;
			productName = DogsApp;
			productReference = 84D4696429A38D9B00DF60DA /* DogsApp.app */;
			productType = "com.apple.product-type.application";
		};
		84D4697929A38D9D00DF60DA /* DogsAppTests */ = {
			isa = PBXNativeTarget;
			buildConfigurationList = 84D4699129A38D9D00DF60DA /* Build configuration list for PBXNativeTarget "DogsAppTests" */;
			buildPhases = (
				B8BD12EF91A591CDD5172087 /* [CP] Check Pods Manifest.lock */,
				84D4697629A38D9D00DF60DA /* Sources */,
				84D4697729A38D9D00DF60DA /* Frameworks */,
				84D4697829A38D9D00DF60DA /* Resources */,
			);
			buildRules = (
			);
			dependencies = (
				84D4697C29A38D9D00DF60DA /* PBXTargetDependency */,
			);
			name = DogsAppTests;
			productName = DogsAppTests;
			productReference = 84D4697A29A38D9D00DF60DA /* DogsAppTests.xctest */;
			productType = "com.apple.product-type.bundle.unit-test";
		};
		84D4698329A38D9D00DF60DA /* DogsAppUITests */ = {
			isa = PBXNativeTarget;
			buildConfigurationList = 84D4699429A38D9D00DF60DA /* Build configuration list for PBXNativeTarget "DogsAppUITests" */;
			buildPhases = (
				460225ECC2BA36C8E9E6E962 /* [CP] Check Pods Manifest.lock */,
				84D4698029A38D9D00DF60DA /* Sources */,
				84D4698129A38D9D00DF60DA /* Frameworks */,
				84D4698229A38D9D00DF60DA /* Resources */,
				901018F04359FBF6051D36E4 /* [CP] Embed Pods Frameworks */,
			);
			buildRules = (
			);
			dependencies = (
				84D4698629A38D9D00DF60DA /* PBXTargetDependency */,
			);
			name = DogsAppUITests;
			productName = DogsAppUITests;
			productReference = 84D4698429A38D9D00DF60DA /* DogsAppUITests.xctest */;
			productType = "com.apple.product-type.bundle.ui-testing";
		};
/* End PBXNativeTarget section */

/* Begin PBXProject section */
		84D4695C29A38D9B00DF60DA /* Project object */ = {
			isa = PBXProject;
			attributes = {
				BuildIndependentTargetsInParallel = 1;
				LastSwiftUpdateCheck = 1420;
				LastUpgradeCheck = 1420;
				TargetAttributes = {
					84D4696329A38D9B00DF60DA = {
						CreatedOnToolsVersion = 14.2;
					};
					84D4697929A38D9D00DF60DA = {
						CreatedOnToolsVersion = 14.2;
						TestTargetID = 84D4696329A38D9B00DF60DA;
					};
					84D4698329A38D9D00DF60DA = {
						CreatedOnToolsVersion = 14.2;
						TestTargetID = 84D4696329A38D9B00DF60DA;
					};
				};
			};
			buildConfigurationList = 84D4695F29A38D9B00DF60DA /* Build configuration list for PBXProject "DogsApp" */;
			compatibilityVersion = "Xcode 13.0";
			developmentRegion = en;
			hasScannedForEncodings = 0;
			knownRegions = (
				en,
				Base,
			);
			mainGroup = 84D4695B29A38D9B00DF60DA;
			productRefGroup = 84D4696529A38D9B00DF60DA /* Products */;
			projectDirPath = "";
			projectRoot = "";
			targets = (
				84D4696329A38D9B00DF60DA /* DogsApp */,
				84D4697929A38D9D00DF60DA /* DogsAppTests */,
				84D4698329A38D9D00DF60DA /* DogsAppUITests */,
			);
		};
/* End PBXProject section */

/* Begin PBXResourcesBuildPhase section */
		84D4696229A38D9B00DF60DA /* Resources */ = {
			isa = PBXResourcesBuildPhase;
			buildActionMask = 2147483647;
			files = (
				84D4697429A38D9D00DF60DA /* LaunchScreen.storyboard in Resources */,
				84D4697129A38D9D00DF60DA /* Assets.xcassets in Resources */,
				84D469BD29A3AA8D00DF60DA /* DogImageCollectionViewCell.xib in Resources */,
				84D4696F29A38D9B00DF60DA /* Main.storyboard in Resources */,
			);
			runOnlyForDeploymentPostprocessing = 0;
		};
		84D4697829A38D9D00DF60DA /* Resources */ = {
			isa = PBXResourcesBuildPhase;
			buildActionMask = 2147483647;
			files = (
			);
			runOnlyForDeploymentPostprocessing = 0;
		};
		84D4698229A38D9D00DF60DA /* Resources */ = {
			isa = PBXResourcesBuildPhase;
			buildActionMask = 2147483647;
			files = (
			);
			runOnlyForDeploymentPostprocessing = 0;
		};
/* End PBXResourcesBuildPhase section */

/* Begin PBXShellScriptBuildPhase section */
		460225ECC2BA36C8E9E6E962 /* [CP] Check Pods Manifest.lock */ = {
			isa = PBXShellScriptBuildPhase;
			buildActionMask = 2147483647;
			files = (
			);
			inputFileListPaths = (
			);
			inputPaths = (
				"${PODS_PODFILE_DIR_PATH}/Podfile.lock",
				"${PODS_ROOT}/Manifest.lock",
			);
			name = "[CP] Check Pods Manifest.lock";
			outputFileListPaths = (
			);
			outputPaths = (
				"$(DERIVED_FILE_DIR)/Pods-DogsApp-DogsAppUITests-checkManifestLockResult.txt",
			);
			runOnlyForDeploymentPostprocessing = 0;
			shellPath = /bin/sh;
			shellScript = "diff \"${PODS_PODFILE_DIR_PATH}/Podfile.lock\" \"${PODS_ROOT}/Manifest.lock\" > /dev/null\nif [ $? != 0 ] ; then\n    # print error to STDERR\n    echo \"error: The sandbox is not in sync with the Podfile.lock. Run 'pod install' or update your CocoaPods installation.\" >&2\n    exit 1\nfi\n# This output is used by Xcode 'outputs' to avoid re-running this script phase.\necho \"SUCCESS\" > \"${SCRIPT_OUTPUT_FILE_0}\"\n";
			showEnvVarsInLog = 0;
		};
		81A178B83BC5DAD72353DDC9 /* [CP] Check Pods Manifest.lock */ = {
			isa = PBXShellScriptBuildPhase;
			buildActionMask = 2147483647;
			files = (
			);
			inputFileListPaths = (
			);
			inputPaths = (
				"${PODS_PODFILE_DIR_PATH}/Podfile.lock",
				"${PODS_ROOT}/Manifest.lock",
			);
			name = "[CP] Check Pods Manifest.lock";
			outputFileListPaths = (
			);
			outputPaths = (
				"$(DERIVED_FILE_DIR)/Pods-DogsApp-checkManifestLockResult.txt",
			);
			runOnlyForDeploymentPostprocessing = 0;
			shellPath = /bin/sh;
			shellScript = "diff \"${PODS_PODFILE_DIR_PATH}/Podfile.lock\" \"${PODS_ROOT}/Manifest.lock\" > /dev/null\nif [ $? != 0 ] ; then\n    # print error to STDERR\n    echo \"error: The sandbox is not in sync with the Podfile.lock. Run 'pod install' or update your CocoaPods installation.\" >&2\n    exit 1\nfi\n# This output is used by Xcode 'outputs' to avoid re-running this script phase.\necho \"SUCCESS\" > \"${SCRIPT_OUTPUT_FILE_0}\"\n";
			showEnvVarsInLog = 0;
		};
		901018F04359FBF6051D36E4 /* [CP] Embed Pods Frameworks */ = {
			isa = PBXShellScriptBuildPhase;
			buildActionMask = 2147483647;
			files = (
			);
			inputFileListPaths = (
				"${PODS_ROOT}/Target Support Files/Pods-DogsApp-DogsAppUITests/Pods-DogsApp-DogsAppUITests-frameworks-${CONFIGURATION}-input-files.xcfilelist",
			);
			name = "[CP] Embed Pods Frameworks";
			outputFileListPaths = (
				"${PODS_ROOT}/Target Support Files/Pods-DogsApp-DogsAppUITests/Pods-DogsApp-DogsAppUITests-frameworks-${CONFIGURATION}-output-files.xcfilelist",
			);
			runOnlyForDeploymentPostprocessing = 0;
			shellPath = /bin/sh;
			shellScript = "\"${PODS_ROOT}/Target Support Files/Pods-DogsApp-DogsAppUITests/Pods-DogsApp-DogsAppUITests-frameworks.sh\"\n";
			showEnvVarsInLog = 0;
		};
		973B5AE0F2CA0F916C5A6AA1 /* [CP] Embed Pods Frameworks */ = {
			isa = PBXShellScriptBuildPhase;
			buildActionMask = 2147483647;
			files = (
			);
			inputFileListPaths = (
				"${PODS_ROOT}/Target Support Files/Pods-DogsApp/Pods-DogsApp-frameworks-${CONFIGURATION}-input-files.xcfilelist",
			);
			name = "[CP] Embed Pods Frameworks";
			outputFileListPaths = (
				"${PODS_ROOT}/Target Support Files/Pods-DogsApp/Pods-DogsApp-frameworks-${CONFIGURATION}-output-files.xcfilelist",
			);
			runOnlyForDeploymentPostprocessing = 0;
			shellPath = /bin/sh;
			shellScript = "\"${PODS_ROOT}/Target Support Files/Pods-DogsApp/Pods-DogsApp-frameworks.sh\"\n";
			showEnvVarsInLog = 0;
		};
		B8BD12EF91A591CDD5172087 /* [CP] Check Pods Manifest.lock */ = {
			isa = PBXShellScriptBuildPhase;
			buildActionMask = 2147483647;
			files = (
			);
			inputFileListPaths = (
			);
			inputPaths = (
				"${PODS_PODFILE_DIR_PATH}/Podfile.lock",
				"${PODS_ROOT}/Manifest.lock",
			);
			name = "[CP] Check Pods Manifest.lock";
			outputFileListPaths = (
			);
			outputPaths = (
				"$(DERIVED_FILE_DIR)/Pods-DogsAppTests-checkManifestLockResult.txt",
			);
			runOnlyForDeploymentPostprocessing = 0;
			shellPath = /bin/sh;
			shellScript = "diff \"${PODS_PODFILE_DIR_PATH}/Podfile.lock\" \"${PODS_ROOT}/Manifest.lock\" > /dev/null\nif [ $? != 0 ] ; then\n    # print error to STDERR\n    echo \"error: The sandbox is not in sync with the Podfile.lock. Run 'pod install' or update your CocoaPods installation.\" >&2\n    exit 1\nfi\n# This output is used by Xcode 'outputs' to avoid re-running this script phase.\necho \"SUCCESS\" > \"${SCRIPT_OUTPUT_FILE_0}\"\n";
			showEnvVarsInLog = 0;
		};
/* End PBXShellScriptBuildPhase section */

/* Begin PBXSourcesBuildPhase section */
		84D4696029A38D9B00DF60DA /* Sources */ = {
			isa = PBXSourcesBuildPhase;
			buildActionMask = 2147483647;
			files = (
				84D469A529A3975D00DF60DA /* BreedsListResource.swift in Sources */,
				84D469AC29A3997E00DF60DA /* BreedsViewModel.swift in Sources */,
				84D469B129A39FA200DF60DA /* StringExtension.swift in Sources */,
				84D469A229A3971300DF60DA /* HttpUtility.swift in Sources */,
				84D4699F29A396D700DF60DA /* ViewControllerExtension.swift in Sources */,
				84D4696829A38D9B00DF60DA /* AppDelegate.swift in Sources */,
				84D4696A29A38D9B00DF60DA /* SceneDelegate.swift in Sources */,
				84D469BC29A3AA8D00DF60DA /* DogImageCollectionViewCell.swift in Sources */,
				84D469A829A397AD00DF60DA /* BreedsListResponse.swift in Sources */,
				84D469B529A3A43A00DF60DA /* DogImagesResource.swift in Sources */,
				84D469BF29A3B04500DF60DA /* DogImageDetailVC.swift in Sources */,
				84D469B329A3A2F400DF60DA /* DogImagesResponse.swift in Sources */,
				84D4699C29A3960300DF60DA /* ApiEndPoints.swift in Sources */,
				84D469B729A3A51500DF60DA /* DogImagesViewModel.swift in Sources */,
				84D469AE29A39BD200DF60DA /* BreedsListVC.swift in Sources */,
				84D469B929A3A64600DF60DA /* DogImagesVC.swift in Sources */,
			);
			runOnlyForDeploymentPostprocessing = 0;
		};
		84D4697629A38D9D00DF60DA /* Sources */ = {
			isa = PBXSourcesBuildPhase;
			buildActionMask = 2147483647;
			files = (
				84D4697F29A38D9D00DF60DA /* DogsAppTests.swift in Sources */,
			);
			runOnlyForDeploymentPostprocessing = 0;
		};
		84D4698029A38D9D00DF60DA /* Sources */ = {
			isa = PBXSourcesBuildPhase;
			buildActionMask = 2147483647;
			files = (
				84D4698929A38D9D00DF60DA /* DogsAppUITests.swift in Sources */,
				84D4698B29A38D9D00DF60DA /* DogsAppUITestsLaunchTests.swift in Sources */,
			);
			runOnlyForDeploymentPostprocessing = 0;
		};
/* End PBXSourcesBuildPhase section */

/* Begin PBXTargetDependency section */
		84D4697C29A38D9D00DF60DA /* PBXTargetDependency */ = {
			isa = PBXTargetDependency;
			target = 84D4696329A38D9B00DF60DA /* DogsApp */;
			targetProxy = 84D4697B29A38D9D00DF60DA /* PBXContainerItemProxy */;
		};
		84D4698629A38D9D00DF60DA /* PBXTargetDependency */ = {
			isa = PBXTargetDependency;
			target = 84D4696329A38D9B00DF60DA /* DogsApp */;
			targetProxy = 84D4698529A38D9D00DF60DA /* PBXContainerItemProxy */;
		};
/* End PBXTargetDependency section */

/* Begin PBXVariantGroup section */
		84D4696D29A38D9B00DF60DA /* Main.storyboard */ = {
			isa = PBXVariantGroup;
			children = (
				84D4696E29A38D9B00DF60DA /* Base */,
			);
			name = Main.storyboard;
			sourceTree = "<group>";
		};
		84D4697229A38D9D00DF60DA /* LaunchScreen.storyboard */ = {
			isa = PBXVariantGroup;
			children = (
				84D4697329A38D9D00DF60DA /* Base */,
			);
			name = LaunchScreen.storyboard;
			sourceTree = "<group>";
		};
/* End PBXVariantGroup section */

/* Begin XCBuildConfiguration section */
		84D4698C29A38D9D00DF60DA /* Debug */ = {
			isa = XCBuildConfiguration;
			buildSettings = {
				ALWAYS_SEARCH_USER_PATHS = NO;
				CLANG_ANALYZER_NONNULL = YES;
				CLANG_ANALYZER_NUMBER_OBJECT_CONVERSION = YES_AGGRESSIVE;
				CLANG_CXX_LANGUAGE_STANDARD = "gnu++20";
				CLANG_ENABLE_MODULES = YES;
				CLANG_ENABLE_OBJC_ARC = YES;
				CLANG_ENABLE_OBJC_WEAK = YES;
				CLANG_WARN_BLOCK_CAPTURE_AUTORELEASING = YES;
				CLANG_WARN_BOOL_CONVERSION = YES;
				CLANG_WARN_COMMA = YES;
				CLANG_WARN_CONSTANT_CONVERSION = YES;
				CLANG_WARN_DEPRECATED_OBJC_IMPLEMENTATIONS = YES;
				CLANG_WARN_DIRECT_OBJC_ISA_USAGE = YES_ERROR;
				CLANG_WARN_DOCUMENTATION_COMMENTS = YES;
				CLANG_WARN_EMPTY_BODY = YES;
				CLANG_WARN_ENUM_CONVERSION = YES;
				CLANG_WARN_INFINITE_RECURSION = YES;
				CLANG_WARN_INT_CONVERSION = YES;
				CLANG_WARN_NON_LITERAL_NULL_CONVERSION = YES;
				CLANG_WARN_OBJC_IMPLICIT_RETAIN_SELF = YES;
				CLANG_WARN_OBJC_LITERAL_CONVERSION = YES;
				CLANG_WARN_OBJC_ROOT_CLASS = YES_ERROR;
				CLANG_WARN_QUOTED_INCLUDE_IN_FRAMEWORK_HEADER = YES;
				CLANG_WARN_RANGE_LOOP_ANALYSIS = YES;
				CLANG_WARN_STRICT_PROTOTYPES = YES;
				CLANG_WARN_SUSPICIOUS_MOVE = YES;
				CLANG_WARN_UNGUARDED_AVAILABILITY = YES_AGGRESSIVE;
				CLANG_WARN_UNREACHABLE_CODE = YES;
				CLANG_WARN__DUPLICATE_METHOD_MATCH = YES;
				COPY_PHASE_STRIP = NO;
				DEBUG_INFORMATION_FORMAT = dwarf;
				ENABLE_STRICT_OBJC_MSGSEND = YES;
				ENABLE_TESTABILITY = YES;
				GCC_C_LANGUAGE_STANDARD = gnu11;
				GCC_DYNAMIC_NO_PIC = NO;
				GCC_NO_COMMON_BLOCKS = YES;
				GCC_OPTIMIZATION_LEVEL = 0;
				GCC_PREPROCESSOR_DEFINITIONS = (
					"DEBUG=1",
					"$(inherited)",
				);
				GCC_WARN_64_TO_32_BIT_CONVERSION = YES;
				GCC_WARN_ABOUT_RETURN_TYPE = YES_ERROR;
				GCC_WARN_UNDECLARED_SELECTOR = YES;
				GCC_WARN_UNINITIALIZED_AUTOS = YES_AGGRESSIVE;
				GCC_WARN_UNUSED_FUNCTION = YES;
				GCC_WARN_UNUSED_VARIABLE = YES;
				IPHONEOS_DEPLOYMENT_TARGET = 16.2;
				MTL_ENABLE_DEBUG_INFO = INCLUDE_SOURCE;
				MTL_FAST_MATH = YES;
				ONLY_ACTIVE_ARCH = YES;
				SDKROOT = iphoneos;
				SWIFT_ACTIVE_COMPILATION_CONDITIONS = DEBUG;
				SWIFT_OPTIMIZATION_LEVEL = "-Onone";
			};
			name = Debug;
		};
		84D4698D29A38D9D00DF60DA /* Release */ = {
			isa = XCBuildConfiguration;
			buildSettings = {
				ALWAYS_SEARCH_USER_PATHS = NO;
				CLANG_ANALYZER_NONNULL = YES;
				CLANG_ANALYZER_NUMBER_OBJECT_CONVERSION = YES_AGGRESSIVE;
				CLANG_CXX_LANGUAGE_STANDARD = "gnu++20";
				CLANG_ENABLE_MODULES = YES;
				CLANG_ENABLE_OBJC_ARC = YES;
				CLANG_ENABLE_OBJC_WEAK = YES;
				CLANG_WARN_BLOCK_CAPTURE_AUTORELEASING = YES;
				CLANG_WARN_BOOL_CONVERSION = YES;
				CLANG_WARN_COMMA = YES;
				CLANG_WARN_CONSTANT_CONVERSION = YES;
				CLANG_WARN_DEPRECATED_OBJC_IMPLEMENTATIONS = YES;
				CLANG_WARN_DIRECT_OBJC_ISA_USAGE = YES_ERROR;
				CLANG_WARN_DOCUMENTATION_COMMENTS = YES;
				CLANG_WARN_EMPTY_BODY = YES;
				CLANG_WARN_ENUM_CONVERSION = YES;
				CLANG_WARN_INFINITE_RECURSION = YES;
				CLANG_WARN_INT_CONVERSION = YES;
				CLANG_WARN_NON_LITERAL_NULL_CONVERSION = YES;
				CLANG_WARN_OBJC_IMPLICIT_RETAIN_SELF = YES;
				CLANG_WARN_OBJC_LITERAL_CONVERSION = YES;
				CLANG_WARN_OBJC_ROOT_CLASS = YES_ERROR;
				CLANG_WARN_QUOTED_INCLUDE_IN_FRAMEWORK_HEADER = YES;
				CLANG_WARN_RANGE_LOOP_ANALYSIS = YES;
				CLANG_WARN_STRICT_PROTOTYPES = YES;
				CLANG_WARN_SUSPICIOUS_MOVE = YES;
				CLANG_WARN_UNGUARDED_AVAILABILITY = YES_AGGRESSIVE;
				CLANG_WARN_UNREACHABLE_CODE = YES;
				CLANG_WARN__DUPLICATE_METHOD_MATCH = YES;
				COPY_PHASE_STRIP = NO;
				DEBUG_INFORMATION_FORMAT = "dwarf-with-dsym";
				ENABLE_NS_ASSERTIONS = NO;
				ENABLE_STRICT_OBJC_MSGSEND = YES;
				GCC_C_LANGUAGE_STANDARD = gnu11;
				GCC_NO_COMMON_BLOCKS = YES;
				GCC_WARN_64_TO_32_BIT_CONVERSION = YES;
				GCC_WARN_ABOUT_RETURN_TYPE = YES_ERROR;
				GCC_WARN_UNDECLARED_SELECTOR = YES;
				GCC_WARN_UNINITIALIZED_AUTOS = YES_AGGRESSIVE;
				GCC_WARN_UNUSED_FUNCTION = YES;
				GCC_WARN_UNUSED_VARIABLE = YES;
				IPHONEOS_DEPLOYMENT_TARGET = 16.2;
				MTL_ENABLE_DEBUG_INFO = NO;
				MTL_FAST_MATH = YES;
				SDKROOT = iphoneos;
				SWIFT_COMPILATION_MODE = wholemodule;
				SWIFT_OPTIMIZATION_LEVEL = "-O";
				VALIDATE_PRODUCT = YES;
			};
			name = Release;
		};
		84D4698F29A38D9D00DF60DA /* Debug */ = {
			isa = XCBuildConfiguration;
			baseConfigurationReference = CE4FBA369283F1A1837462B6 /* Pods-DogsApp.debug.xcconfig */;
			buildSettings = {
				ASSETCATALOG_COMPILER_APPICON_NAME = AppIcon;
				ASSETCATALOG_COMPILER_GLOBAL_ACCENT_COLOR_NAME = AccentColor;
				CODE_SIGN_STYLE = Automatic;
				CURRENT_PROJECT_VERSION = 1;
				DEVELOPMENT_TEAM = WSMHT2X3TV;
				GENERATE_INFOPLIST_FILE = YES;
				INFOPLIST_FILE = DogsApp/Info.plist;
				INFOPLIST_KEY_UIApplicationSupportsIndirectInputEvents = YES;
				INFOPLIST_KEY_UILaunchStoryboardName = LaunchScreen;
				INFOPLIST_KEY_UIMainStoryboardFile = Main;
				INFOPLIST_KEY_UISupportedInterfaceOrientations = UIInterfaceOrientationPortrait;
				INFOPLIST_KEY_UISupportedInterfaceOrientations_iPad = "UIInterfaceOrientationLandscapeLeft UIInterfaceOrientationLandscapeRight UIInterfaceOrientationPortrait UIInterfaceOrientationPortraitUpsideDown";
				IPHONEOS_DEPLOYMENT_TARGET = 15.0;
				LD_RUNPATH_SEARCH_PATHS = (
					"$(inherited)",
					"@executable_path/Frameworks",
				);
				MARKETING_VERSION = 1.0;
				PRODUCT_BUNDLE_IDENTIFIER = com.pvrdixit.DogsApp;
				PRODUCT_NAME = "$(TARGET_NAME)";
				SUPPORTED_PLATFORMS = "iphoneos iphonesimulator";
				SUPPORTS_MACCATALYST = NO;
				SUPPORTS_MAC_DESIGNED_FOR_IPHONE_IPAD = NO;
				SWIFT_EMIT_LOC_STRINGS = YES;
				SWIFT_VERSION = 5.0;
				TARGETED_DEVICE_FAMILY = 1;
			};
			name = Debug;
		};
		84D4699029A38D9D00DF60DA /* Release */ = {
			isa = XCBuildConfiguration;
			baseConfigurationReference = DC7A3ECC7A461BF34B727630 /* Pods-DogsApp.release.xcconfig */;
			buildSettings = {
				ASSETCATALOG_COMPILER_APPICON_NAME = AppIcon;
				ASSETCATALOG_COMPILER_GLOBAL_ACCENT_COLOR_NAME = AccentColor;
				CODE_SIGN_STYLE = Automatic;
				CURRENT_PROJECT_VERSION = 1;
				DEVELOPMENT_TEAM = WSMHT2X3TV;
				GENERATE_INFOPLIST_FILE = YES;
				INFOPLIST_FILE = DogsApp/Info.plist;
				INFOPLIST_KEY_UIApplicationSupportsIndirectInputEvents = YES;
				INFOPLIST_KEY_UILaunchStoryboardName = LaunchScreen;
				INFOPLIST_KEY_UIMainStoryboardFile = Main;
				INFOPLIST_KEY_UISupportedInterfaceOrientations = UIInterfaceOrientationPortrait;
				INFOPLIST_KEY_UISupportedInterfaceOrientations_iPad = "UIInterfaceOrientationLandscapeLeft UIInterfaceOrientationLandscapeRight UIInterfaceOrientationPortrait UIInterfaceOrientationPortraitUpsideDown";
				IPHONEOS_DEPLOYMENT_TARGET = 15.0;
				LD_RUNPATH_SEARCH_PATHS = (
					"$(inherited)",
					"@executable_path/Frameworks",
				);
				MARKETING_VERSION = 1.0;
				PRODUCT_BUNDLE_IDENTIFIER = com.pvrdixit.DogsApp;
				PRODUCT_NAME = "$(TARGET_NAME)";
				SUPPORTED_PLATFORMS = "iphoneos iphonesimulator";
				SUPPORTS_MACCATALYST = NO;
				SUPPORTS_MAC_DESIGNED_FOR_IPHONE_IPAD = NO;
				SWIFT_EMIT_LOC_STRINGS = YES;
				SWIFT_VERSION = 5.0;
				TARGETED_DEVICE_FAMILY = 1;
			};
			name = Release;
		};
		84D4699229A38D9D00DF60DA /* Debug */ = {
			isa = XCBuildConfiguration;
			baseConfigurationReference = DB001B8F4C539B2CA6D4BD0C /* Pods-DogsAppTests.debug.xcconfig */;
			buildSettings = {
				ALWAYS_EMBED_SWIFT_STANDARD_LIBRARIES = YES;
				BUNDLE_LOADER = "$(TEST_HOST)";
				CODE_SIGN_STYLE = Automatic;
				CURRENT_PROJECT_VERSION = 1;
				DEVELOPMENT_TEAM = XYURRD5NF7;
				GENERATE_INFOPLIST_FILE = YES;
				IPHONEOS_DEPLOYMENT_TARGET = 16.2;
				MARKETING_VERSION = 1.0;
				PRODUCT_BUNDLE_IDENTIFIER = com.pvrdixit.DogsAppTests;
				PRODUCT_NAME = "$(TARGET_NAME)";
				SWIFT_EMIT_LOC_STRINGS = NO;
				SWIFT_VERSION = 5.0;
				TARGETED_DEVICE_FAMILY = "1,2";
				TEST_HOST = "$(BUILT_PRODUCTS_DIR)/DogsApp.app/$(BUNDLE_EXECUTABLE_FOLDER_PATH)/DogsApp";
			};
			name = Debug;
		};
		84D4699329A38D9D00DF60DA /* Release */ = {
			isa = XCBuildConfiguration;
			baseConfigurationReference = 4DC2F274D638D46A36B13C95 /* Pods-DogsAppTests.release.xcconfig */;
			buildSettings = {
				ALWAYS_EMBED_SWIFT_STANDARD_LIBRARIES = YES;
				BUNDLE_LOADER = "$(TEST_HOST)";
				CODE_SIGN_STYLE = Automatic;
				CURRENT_PROJECT_VERSION = 1;
				DEVELOPMENT_TEAM = XYURRD5NF7;
				GENERATE_INFOPLIST_FILE = YES;
				IPHONEOS_DEPLOYMENT_TARGET = 16.2;
				MARKETING_VERSION = 1.0;
				PRODUCT_BUNDLE_IDENTIFIER = com.pvrdixit.DogsAppTests;
				PRODUCT_NAME = "$(TARGET_NAME)";
				SWIFT_EMIT_LOC_STRINGS = NO;
				SWIFT_VERSION = 5.0;
				TARGETED_DEVICE_FAMILY = "1,2";
				TEST_HOST = "$(BUILT_PRODUCTS_DIR)/DogsApp.app/$(BUNDLE_EXECUTABLE_FOLDER_PATH)/DogsApp";
			};
			name = Release;
		};
		84D4699529A38D9D00DF60DA /* Debug */ = {
			isa = XCBuildConfiguration;
			baseConfigurationReference = 61FEF221C21F0E9C011D4CE0 /* Pods-DogsApp-DogsAppUITests.debug.xcconfig */;
			buildSettings = {
				ALWAYS_EMBED_SWIFT_STANDARD_LIBRARIES = YES;
				CODE_SIGN_STYLE = Automatic;
				CURRENT_PROJECT_VERSION = 1;
				DEVELOPMENT_TEAM = XYURRD5NF7;
				GENERATE_INFOPLIST_FILE = YES;
				MARKETING_VERSION = 1.0;
				PRODUCT_BUNDLE_IDENTIFIER = com.pvrdixit.DogsAppUITests;
				PRODUCT_NAME = "$(TARGET_NAME)";
				SWIFT_EMIT_LOC_STRINGS = NO;
				SWIFT_VERSION = 5.0;
				TARGETED_DEVICE_FAMILY = "1,2";
				TEST_TARGET_NAME = DogsApp;
			};
			name = Debug;
		};
		84D4699629A38D9D00DF60DA /* Release */ = {
			isa = XCBuildConfiguration;
			baseConfigurationReference = 9E396ECAE8505DDBE40C9F01 /* Pods-DogsApp-DogsAppUITests.release.xcconfig */;
			buildSettings = {
				ALWAYS_EMBED_SWIFT_STANDARD_LIBRARIES = YES;
				CODE_SIGN_STYLE = Automatic;
				CURRENT_PROJECT_VERSION = 1;
				DEVELOPMENT_TEAM = XYURRD5NF7;
				GENERATE_INFOPLIST_FILE = YES;
				MARKETING_VERSION = 1.0;
				PRODUCT_BUNDLE_IDENTIFIER = com.pvrdixit.DogsAppUITests;
				PRODUCT_NAME = "$(TARGET_NAME)";
				SWIFT_EMIT_LOC_STRINGS = NO;
				SWIFT_VERSION = 5.0;
				TARGETED_DEVICE_FAMILY = "1,2";
				TEST_TARGET_NAME = DogsApp;
			};
			name = Release;
		};
/* End XCBuildConfiguration section */

/* Begin XCConfigurationList section */
		84D4695F29A38D9B00DF60DA /* Build configuration list for PBXProject "DogsApp" */ = {
			isa = XCConfigurationList;
			buildConfigurations = (
				84D4698C29A38D9D00DF60DA /* Debug */,
				84D4698D29A38D9D00DF60DA /* Release */,
			);
			defaultConfigurationIsVisible = 0;
			defaultConfigurationName = Release;
		};
		84D4698E29A38D9D00DF60DA /* Build configuration list for PBXNativeTarget "DogsApp" */ = {
			isa = XCConfigurationList;
			buildConfigurations = (
				84D4698F29A38D9D00DF60DA /* Debug */,
				84D4699029A38D9D00DF60DA /* Release */,
			);
			defaultConfigurationIsVisible = 0;
			defaultConfigurationName = Release;
		};
		84D4699129A38D9D00DF60DA /* Build configuration list for PBXNativeTarget "DogsAppTests" */ = {
			isa = XCConfigurationList;
			buildConfigurations = (
				84D4699229A38D9D00DF60DA /* Debug */,
				84D4699329A38D9D00DF60DA /* Release */,
			);
			defaultConfigurationIsVisible = 0;
			defaultConfigurationName = Release;
		};
		84D4699429A38D9D00DF60DA /* Build configuration list for PBXNativeTarget "DogsAppUITests" */ = {
			isa = XCConfigurationList;
			buildConfigurations = (
				84D4699529A38D9D00DF60DA /* Debug */,
				84D4699629A38D9D00DF60DA /* Release */,
			);
			defaultConfigurationIsVisible = 0;
			defaultConfigurationName = Release;
		};
/* End XCConfigurationList section */
	};
	rootObject = 84D4695C29A38D9B00DF60DA /* Project object */;
}
